{
  "name": "map",
  "lockfileVersion": 3,
  "requires": true,
  "packages": {
    "": {
      "dependencies": {
        "cytoscape": "^3.29.2",
        "cytoscape-klay": "^3.1.4"
      }
    },
    "node_modules/cytoscape": {
      "version": "3.29.2",
      "resolved": "https://registry.npmjs.org/cytoscape/-/cytoscape-3.29.2.tgz",
      "integrity": "sha512-2G1ycU28Nh7OHT9rkXRLpCDP30MKH1dXJORZuBhtEhEW7pKwgPi77ImqlCWinouyE1PNepIOGZBOrE84DG7LyQ==",
      "engines": {
        "node": ">=0.10"
      }
    },
    "node_modules/cytoscape-klay": {
      "version": "3.1.4",
      "resolved": "https://registry.npmjs.org/cytoscape-klay/-/cytoscape-klay-3.1.4.tgz",
      "integrity": "sha512-VwPj0VR25GPfy6qXVQRi/MYlZM/zkdvRhHlgqbM//lSvstgM6fhp3ik/uM8Wr8nlhskfqz/M1fIDmR6UckbS2A==",
      "dependencies": {
        "klayjs": "^0.4.1"
      },
      "peerDependencies": {
        "cytoscape": "^3.2.0"
      }
    },
    "node_modules/klayjs": {
      "version": "0.4.1",
      "resolved": "https://registry.npmjs.org/klayjs/-/klayjs-0.4.1.tgz",
      "integrity": "sha512-WUNxuO7O79TEkxCj6OIaK5TJBkaWaR/IKNTakgV9PwDn+mrr63MLHed34AcE2yTaDntgO6l0zGFIzhcoTeroTA=="
    }
  }
}
